dependencies:
- name: mariadb
  repository: https://charts.bitnami.com/bitnami
  version: 7.6.1
- name: postgresql
  repository: https://charts.bitnami.com/bitnami
  version: 8.10.10
digest: sha256:14e623f9fd87021e50e6ebd01afb2e57d908cd5a766083859d44a2887e1ddab4
generated: "2020-06-27T00:24:01.944788525Z"
